// !$*UTF8*$!
{
	archiveVersion = 1;
	classes = {
	};
	objectVersion = 48;
	objects = {

/* Begin PBXBuildFile section */
		3C588CF31FB65FD20088C0CC /* AppDelegate.swift in Sources */ = {isa = PBXBuildFile; fileRef = 3C588CF21FB65FD20088C0CC /* AppDelegate.swift */; };
		3C588CF51FB65FD20088C0CC /* ViewController.swift in Sources */ = {isa = PBXBuildFile; fileRef = 3C588CF41FB65FD20088C0CC /* ViewController.swift */; };
		3C588CF81FB65FD20088C0CC /* Main.storyboard in Resources */ = {isa = PBXBuildFile; fileRef = 3C588CF61FB65FD20088C0CC /* Main.storyboard */; };
		3C588CFA1FB65FD20088C0CC /* Assets.xcassets in Resources */ = {isa = PBXBuildFile; fileRef = 3C588CF91FB65FD20088C0CC /* Assets.xcassets */; };
		3C588CFD1FB65FD20088C0CC /* LaunchScreen.storyboard in Resources */ = {isa = PBXBuildFile; fileRef = 3C588CFB1FB65FD20088C0CC /* LaunchScreen.storyboard */; };
		3C588D051FB6686D0088C0CC /* TableViewCell.swift in Sources */ = {isa = PBXBuildFile; fileRef = 3C588D041FB6686D0088C0CC /* TableViewCell.swift */; };
		3C83A7D21FC0C2A700E4CC56 /* QuizViewController.swift in Sources */ = {isa = PBXBuildFile; fileRef = 3C83A7D11FC0C2A700E4CC56 /* QuizViewController.swift */; };
		3C83A7D41FC0C84700E4CC56 /* Quiz.swift in Sources */ = {isa = PBXBuildFile; fileRef = 3C83A7D31FC0C84700E4CC56 /* Quiz.swift */; };
		3C83A7D91FC0C97E00E4CC56 /* Question.swift in Sources */ = {isa = PBXBuildFile; fileRef = 3C83A7D81FC0C97E00E4CC56 /* Question.swift */; };
		3C83A7DD1FC0EB2100E4CC56 /* AnswerViewController.swift in Sources */ = {isa = PBXBuildFile; fileRef = 3C83A7DC1FC0EB2100E4CC56 /* AnswerViewController.swift */; };
		3C83A7DF1FC0FFC300E4CC56 /* ResultsViewController.swift in Sources */ = {isa = PBXBuildFile; fileRef = 3C83A7DE1FC0FFC300E4CC56 /* ResultsViewController.swift */; };
/* End PBXBuildFile section */

/* Begin PBXFileReference section */
		3C588CEF1FB65FD20088C0CC /* iQuiz.app */ = {isa = PBXFileReference; explicitFileType = wrapper.application; includeInIndex = 0; path = iQuiz.app; sourceTree = BUILT_PRODUCTS_DIR; };
		3C588CF21FB65FD20088C0CC /* AppDelegate.swift */ = {isa = PBXFileReference; lastKnownFileType = sourcecode.swift; path = AppDelegate.swift; sourceTree = "<group>"; };
		3C588CF41FB65FD20088C0CC /* ViewController.swift */ = {isa = PBXFileReference; lastKnownFileType = sourcecode.swift; path = ViewController.swift; sourceTree = "<group>"; };
		3C588CF71FB65FD20088C0CC /* Base */ = {isa = PBXFileReference; lastKnownFileType = file.storyboard; name = Base; path = Base.lproj/Main.storyboard; sourceTree = "<group>"; };
		3C588CF91FB65FD20088C0CC /* Assets.xcassets */ = {isa = PBXFileReference; lastKnownFileType = folder.assetcatalog; path = Assets.xcassets; sourceTree = "<group>"; };
		3C588CFC1FB65FD20088C0CC /* Base */ = {isa = PBXFileReference; lastKnownFileType = file.storyboard; name = Base; path = Base.lproj/LaunchScreen.storyboard; sourceTree = "<group>"; };
		3C588CFE1FB65FD20088C0CC /* Info.plist */ = {isa = PBXFileReference; lastKnownFileType = text.plist.xml; path = Info.plist; sourceTree = "<group>"; };
		3C588D041FB6686D0088C0CC /* TableViewCell.swift */ = {isa = PBXFileReference; lastKnownFileType = sourcecode.swift; path = TableViewCell.swift; sourceTree = "<group>"; };
		3C83A7D11FC0C2A700E4CC56 /* QuizViewController.swift */ = {isa = PBXFileReference; lastKnownFileType = sourcecode.swift; path = QuizViewController.swift; sourceTree = "<group>"; };
		3C83A7D31FC0C84700E4CC56 /* Quiz.swift */ = {isa = PBXFileReference; lastKnownFileType = sourcecode.swift; path = Quiz.swift; sourceTree = "<group>"; };
		3C83A7D81FC0C97E00E4CC56 /* Question.swift */ = {isa = PBXFileReference; lastKnownFileType = sourcecode.swift; path = Question.swift; sourceTree = "<group>"; };
		3C83A7DC1FC0EB2100E4CC56 /* AnswerViewController.swift */ = {isa = PBXFileReference; lastKnownFileType = sourcecode.swift; path = AnswerViewController.swift; sourceTree = "<group>"; };
		3C83A7DE1FC0FFC300E4CC56 /* ResultsViewController.swift */ = {isa = PBXFileReference; lastKnownFileType = sourcecode.swift; path = ResultsViewController.swift; sourceTree = "<group>"; };
/* End PBXFileReference section */

/* Begin PBXFrameworksBuildPhase section */
		3C588CEC1FB65FD20088C0CC /* Frameworks */ = {
			isa = PBXFrameworksBuildPhase;
			buildActionMask = 2147483647;
			files = (
			);
			runOnlyForDeploymentPostprocessing = 0;
		};
/* End PBXFrameworksBuildPhase section */

/* Begin PBXGroup section */
		3C588CE61FB65FD20088C0CC = {
			isa = PBXGroup;
			children = (
				3C588CF11FB65FD20088C0CC /* iQuiz */,
				3C588CF01FB65FD20088C0CC /* Products */,
			);
			sourceTree = "<group>";
		};
		3C588CF01FB65FD20088C0CC /* Products */ = {
			isa = PBXGroup;
			children = (
				3C588CEF1FB65FD20088C0CC /* iQuiz.app */,
			);
			name = Products;
			sourceTree = "<group>";
		};
		3C588CF11FB65FD20088C0CC /* iQuiz */ = {
			isa = PBXGroup;
			children = (
				3C83A7D71FC0C95200E4CC56 /* Controller */,
				3C83A7D61FC0C94C00E4CC56 /* Model */,
				3C83A7D51FC0C93500E4CC56 /* View */,
				3C588CF21FB65FD20088C0CC /* AppDelegate.swift */,
				3C588CFB1FB65FD20088C0CC /* LaunchScreen.storyboard */,
				3C588CFE1FB65FD20088C0CC /* Info.plist */,
			);
			path = iQuiz;
			sourceTree = "<group>";
		};
		3C83A7D51FC0C93500E4CC56 /* View */ = {
			isa = PBXGroup;
			children = (
				3C588CF91FB65FD20088C0CC /* Assets.xcassets */,
				3C588CF61FB65FD20088C0CC /* Main.storyboard */,
			);
			path = View;
			sourceTree = "<group>";
		};
		3C83A7D61FC0C94C00E4CC56 /* Model */ = {
			isa = PBXGroup;
			children = (
				3C83A7D31FC0C84700E4CC56 /* Quiz.swift */,
				3C83A7D81FC0C97E00E4CC56 /* Question.swift */,
			);
			path = Model;
			sourceTree = "<group>";
		};
		3C83A7D71FC0C95200E4CC56 /* Controller */ = {
			isa = PBXGroup;
			children = (
				3C588CF41FB65FD20088C0CC /* ViewController.swift */,
				3C588D041FB6686D0088C0CC /* TableViewCell.swift */,
				3C83A7D11FC0C2A700E4CC56 /* QuizViewController.swift */,
				3C83A7DC1FC0EB2100E4CC56 /* AnswerViewController.swift */,
				3C83A7DE1FC0FFC300E4CC56 /* ResultsViewController.swift */,
			);
			path = Controller;
			sourceTree = "<group>";
		};
/* End PBXGroup section */

/* Begin PBXNativeTarget section */
		3C588CEE1FB65FD20088C0CC /* iQuiz */ = {
			isa = PBXNativeTarget;
			buildConfigurationList = 3C588D011FB65FD20088C0CC /* Build configuration list for PBXNativeTarget "iQuiz" */;
			buildPhases = (
				3C588CEB1FB65FD20088C0CC /* Sources */,
				3C588CEC1FB65FD20088C0CC /* Frameworks */,
				3C588CED1FB65FD20088C0CC /* Resources */,
			);
			buildRules = (
			);
			dependencies = (
			);
			name = iQuiz;
			productName = iQuiz;
			productReference = 3C588CEF1FB65FD20088C0CC /* iQuiz.app */;
			productType = "com.apple.product-type.application";
		};
/* End PBXNativeTarget section */

/* Begin PBXProject section */
		3C588CE71FB65FD20088C0CC /* Project object */ = {
			isa = PBXProject;
			attributes = {
				LastSwiftUpdateCheck = 0900;
				LastUpgradeCheck = 0900;
				ORGANIZATIONNAME = "Austin Brovick ";
				TargetAttributes = {
					3C588CEE1FB65FD20088C0CC = {
						CreatedOnToolsVersion = 9.0;
						ProvisioningStyle = Automatic;
					};
				};
			};
			buildConfigurationList = 3C588CEA1FB65FD20088C0CC /* Build configuration list for PBXProject "iQuiz" */;
			compatibilityVersion = "Xcode 8.0";
			developmentRegion = en;
			hasScannedForEncodings = 0;
			knownRegions = (
				en,
				Base,
			);
			mainGroup = 3C588CE61FB65FD20088C0CC;
			productRefGroup = 3C588CF01FB65FD20088C0CC /* Products */;
			projectDirPath = "";
			projectRoot = "";
			targets = (
				3C588CEE1FB65FD20088C0CC /* iQuiz */,
			);
		};
/* End PBXProject section */

/* Begin PBXResourcesBuildPhase section */
		3C588CED1FB65FD20088C0CC /* Resources */ = {
			isa = PBXResourcesBuildPhase;
			buildActionMask = 2147483647;
			files = (
				3C588CFD1FB65FD20088C0CC /* LaunchScreen.storyboard in Resources */,
				3C588CFA1FB65FD20088C0CC /* Assets.xcassets in Resources */,
				3C588CF81FB65FD20088C0CC /* Main.storyboard in Resources */,
			);
			runOnlyForDeploymentPostprocessing = 0;
		};
/* End PBXResourcesBuildPhase section */

/* Begin PBXSourcesBuildPhase section */
		3C588CEB1FB65FD20088C0CC /* Sources */ = {
			isa = PBXSourcesBuildPhase;
			buildActionMask = 2147483647;
			files = (
				3C588D051FB6686D0088C0CC /* TableViewCell.swift in Sources */,
				3C83A7DD1FC0EB2100E4CC56 /* AnswerViewController.swift in Sources */,
				3C83A7D41FC0C84700E4CC56 /* Quiz.swift in Sources */,
				3C588CF51FB65FD20088C0CC /* ViewController.swift in Sources */,
				3C83A7D91FC0C97E00E4CC56 /* Question.swift in Sources */,
				3C588CF31FB65FD20088C0CC /* AppDelegate.swift in Sources */,
				3C83A7D21FC0C2A700E4CC56 /* QuizViewController.swift in Sources */,
				3C83A7DF1FC0FFC300E4CC56 /* ResultsViewController.swift in Sources */,
			);
			runOnlyForDeploymentPostprocessing = 0;
		};
/* End PBXSourcesBuildPhase section */

/* Begin PBXVariantGroup section */
		3C588CF61FB65FD20088C0CC /* Main.storyboard */ = {
			isa = PBXVariantGroup;
			children = (
				3C588CF71FB65FD20088C0CC /* Base */,
			);
			name = Main.storyboard;
			sourceTree = "<group>";
		};
		3C588CFB1FB65FD20088C0CC /* LaunchScreen.storyboard */ = {
			isa = PBXVariantGroup;
			children = (
				3C588CFC1FB65FD20088C0CC /* Base */,
			);
			name = LaunchScreen.storyboard;
			sourceTree = "<group>";
		};
/* End PBXVariantGroup section */

/* Begin XCBuildConfiguration section */
		3C588CFF1FB65FD20088C0CC /* Debug */ = {
			isa = XCBuildConfiguration;
			buildSettings = {
				ALWAYS_SEARCH_USER_PATHS = NO;
				CLANG_ANALYZER_NONNULL = YES;
				CLANG_ANALYZER_NUMBER_OBJECT_CONVERSION = YES_AGGRESSIVE;
				CLANG_CXX_LANGUAGE_STANDARD = "gnu++14";
				CLANG_CXX_LIBRARY = "libc++";
				CLANG_ENABLE_MODULES = YES;
				CLANG_ENABLE_OBJC_ARC = YES;
				CLANG_WARN_BLOCK_CAPTURE_AUTORELEASING = YES;
				CLANG_WARN_BOOL_CONVERSION = YES;
				CLANG_WARN_COMMA = YES;
				CLANG_WARN_CONSTANT_CONVERSION = YES;
				CLANG_WARN_DIRECT_OBJC_ISA_USAGE = YES_ERROR;
				CLANG_WARN_DOCUMENTATION_COMMENTS = YES;
				CLANG_WARN_EMPTY_BODY = YES;
				CLANG_WARN_ENUM_CONVERSION = YES;
				CLANG_WARN_INFINITE_RECURSION = YES;
				CLANG_WARN_INT_CONVERSION = YES;
				CLANG_WARN_NON_LITERAL_NULL_CONVERSION = YES;
				CLANG_WARN_OBJC_LITERAL_CONVERSION = YES;
				CLANG_WARN_OBJC_ROOT_CLASS = YES_ERROR;
				CLANG_WARN_RANGE_LOOP_ANALYSIS = YES;
				CLANG_WARN_STRICT_PROTOTYPES = YES;
				CLANG_WARN_SUSPICIOUS_MOVE = YES;
				CLANG_WARN_UNGUARDED_AVAILABILITY = YES_AGGRESSIVE;
				CLANG_WARN_UNREACHABLE_CODE = YES;
				CLANG_WARN__DUPLICATE_METHOD_MATCH = YES;
				CODE_SIGN_IDENTITY = "iPhone Developer";
				COPY_PHASE_STRIP = NO;
				DEBUG_INFORMATION_FORMAT = dwarf;
				ENABLE_STRICT_OBJC_MSGSEND = YES;
				ENABLE_TESTABILITY = YES;
				GCC_C_LANGUAGE_STANDARD = gnu11;
				GCC_DYNAMIC_NO_PIC = NO;
				GCC_NO_COMMON_BLOCKS = YES;
				GCC_OPTIMIZATION_LEVEL = 0;
				GCC_PREPROCESSOR_DEFINITIONS = (
					"DEBUG=1",
					"$(inherited)",
				);
				GCC_WARN_64_TO_32_BIT_CONVERSION = YES;
				GCC_WARN_ABOUT_RETURN_TYPE = YES_ERROR;
				GCC_WARN_UNDECLARED_SELECTOR = YES;
				GCC_WARN_UNINITIALIZED_AUTOS = YES_AGGRESSIVE;
				GCC_WARN_UNUSED_FUNCTION = YES;
				GCC_WARN_UNUSED_VARIABLE = YES;
				IPHONEOS_DEPLOYMENT_TARGET = 11.0;
				MTL_ENABLE_DEBUG_INFO = YES;
				ONLY_ACTIVE_ARCH = YES;
				SDKROOT = iphoneos;
				SWIFT_ACTIVE_COMPILATION_CONDITIONS = DEBUG;
				SWIFT_OPTIMIZATION_LEVEL = "-Onone";
			};
			name = Debug;
		};
		3C588D001FB65FD20088C0CC /* Release */ = {
			isa = XCBuildConfiguration;
			buildSettings = {
				ALWAYS_SEARCH_USER_PATHS = NO;
				CLANG_ANALYZER_NONNULL = YES;
				CLANG_ANALYZER_NUMBER_OBJECT_CONVERSION = YES_AGGRESSIVE;
				CLANG_CXX_LANGUAGE_STANDARD = "gnu++14";
				CLANG_CXX_LIBRARY = "libc++";
				CLANG_ENABLE_MODULES = YES;
				CLANG_ENABLE_OBJC_ARC = YES;
				CLANG_WARN_BLOCK_CAPTURE_AUTORELEASING = YES;
				CLANG_WARN_BOOL_CONVERSION = YES;
				CLANG_WARN_COMMA = YES;
				CLANG_WARN_CONSTANT_CONVERSION = YES;
				CLANG_WARN_DIRECT_OBJC_ISA_USAGE = YES_ERROR;
				CLANG_WARN_DOCUMENTATION_COMMENTS = YES;
				CLANG_WARN_EMPTY_BODY = YES;
				CLANG_WARN_ENUM_CONVERSION = YES;
				CLANG_WARN_INFINITE_RECURSION = YES;
				CLANG_WARN_INT_CONVERSION = YES;
				CLANG_WARN_NON_LITERAL_NULL_CONVERSION = YES;
				CLANG_WARN_OBJC_LITERAL_CONVERSION = YES;
				CLANG_WARN_OBJC_ROOT_CLASS = YES_ERROR;
				CLANG_WARN_RANGE_LOOP_ANALYSIS = YES;
				CLANG_WARN_STRICT_PROTOTYPES = YES;
				CLANG_WARN_SUSPICIOUS_MOVE = YES;
				CLANG_WARN_UNGUARDED_AVAILABILITY = YES_AGGRESSIVE;
				CLANG_WARN_UNREACHABLE_CODE = YES;
				CLANG_WARN__DUPLICATE_METHOD_MATCH = YES;
				CODE_SIGN_IDENTITY = "iPhone Developer";
				COPY_PHASE_STRIP = NO;
				DEBUG_INFORMATION_FORMAT = "dwarf-with-dsym";
				ENABLE_NS_ASSERTIONS = NO;
				ENABLE_STRICT_OBJC_MSGSEND = YES;
				GCC_C_LANGUAGE_STANDARD = gnu11;
				GCC_NO_COMMON_BLOCKS = YES;
				GCC_WARN_64_TO_32_BIT_CONVERSION = YES;
				GCC_WARN_ABOUT_RETURN_TYPE = YES_ERROR;
				GCC_WARN_UNDECLARED_SELECTOR = YES;
				GCC_WARN_UNINITIALIZED_AUTOS = YES_AGGRESSIVE;
				GCC_WARN_UNUSED_FUNCTION = YES;
				GCC_WARN_UNUSED_VARIABLE = YES;
				IPHONEOS_DEPLOYMENT_TARGET = 11.0;
				MTL_ENABLE_DEBUG_INFO = NO;
				SDKROOT = iphoneos;
				SWIFT_OPTIMIZATION_LEVEL = "-Owholemodule";
				VALIDATE_PRODUCT = YES;
			};
			name = Release;
		};
		3C588D021FB65FD20088C0CC /* Debug */ = {
			isa = XCBuildConfiguration;
			buildSettings = {
				ASSETCATALOG_COMPILER_APPICON_NAME = AppIcon;
				CODE_SIGN_STYLE = Automatic;
				INFOPLIST_FILE = iQuiz/Info.plist;
				LD_RUNPATH_SEARCH_PATHS = "$(inherited) @executable_path/Frameworks";
				PRODUCT_BUNDLE_IDENTIFIER = com.austinbrovick.iQuiz;
				PRODUCT_NAME = "$(TARGET_NAME)";
				SWIFT_VERSION = 4.0;
				TARGETED_DEVICE_FAMILY = "1,2";
			};
			name = Debug;
		};
		3C588D031FB65FD20088C0CC /* Release */ = {
			isa = XCBuildConfiguration;
			buildSettings = {
				ASSETCATALOG_COMPILER_APPICON_NAME = AppIcon;
				CODE_SIGN_STYLE = Automatic;
				INFOPLIST_FILE = iQuiz/Info.plist;
				LD_RUNPATH_SEARCH_PATHS = "$(inherited) @executable_path/Frameworks";
				PRODUCT_BUNDLE_IDENTIFIER = com.austinbrovick.iQuiz;
				PRODUCT_NAME = "$(TARGET_NAME)";
				SWIFT_VERSION = 4.0;
				TARGETED_DEVICE_FAMILY = "1,2";
			};
			name = Release;
		};
/* End XCBuildConfiguration section */

/* Begin XCConfigurationList section */
		3C588CEA1FB65FD20088C0CC /* Build configuration list for PBXProject "iQuiz" */ = {
			isa = XCConfigurationList;
			buildConfigurations = (
				3C588CFF1FB65FD20088C0CC /* Debug */,
				3C588D001FB65FD20088C0CC /* Release */,
			);
			defaultConfigurationIsVisible = 0;
			defaultConfigurationName = Release;
		};
		3C588D011FB65FD20088C0CC /* Build configuration list for PBXNativeTarget "iQuiz" */ = {
			isa = XCConfigurationList;
			buildConfigurations = (
				3C588D021FB65FD20088C0CC /* Debug */,
				3C588D031FB65FD20088C0CC /* Release */,
			);
			defaultConfigurationIsVisible = 0;
			defaultConfigurationName = Release;
		};
/* End XCConfigurationList section */
	};
	rootObject = 3C588CE71FB65FD20088C0CC /* Project object */;
}
